
Microsoft Visual Studio Solution File, Format Version 12.00
# Visual Studio Version 17
VisualStudioVersion = 17.0.32014.148
MinimumVisualStudioVersion = 10.0.40219.1
Project("{9A19103F-16F7-4668-BE54-9A1E7A4F7556}") = "P1WebApi", "P1WebApi\P1WebApi.csproj", "{2502AD17-1E4C-4516-9386-A59DAFA4FCA0}"
EndProject
Project("{FAE04EC0-301F-11D3-BF4B-00C04F79EFBC}") = "DataStorage", "DataStorage\DataStorage.csproj", "{3E1B2578-7F5C-4935-BB72-61960F4CCE9F}"
EndProject
Project("{9A19103F-16F7-4668-BE54-9A1E7A4F7556}") = "P1ConsoleApp", "..\P1ConsoleApp\P1ConsoleApp\P1ConsoleApp.csproj", "{7E1D2E70-1520-463E-BD21-9AD56BD20690}"
EndProject
Global
	GlobalSection(SolutionConfigurationPlatforms) = preSolution
		Debug|Any CPU = Debug|Any CPU
		Release|Any CPU = Release|Any CPU
	EndGlobalSection
	GlobalSection(ProjectConfigurationPlatforms) = postSolution
		{2502AD17-1E4C-4516-9386-A59DAFA4FCA0}.Debug|Any CPU.ActiveCfg = Debug|Any CPU
		{2502AD17-1E4C-4516-9386-A59DAFA4FCA0}.Debug|Any CPU.Build.0 = Debug|Any CPU
		{2502AD17-1E4C-4516-9386-A59DAFA4FCA0}.Release|Any CPU.ActiveCfg = Release|Any CPU
		{2502AD17-1E4C-4516-9386-A59DAFA4FCA0}.Release|Any CPU.Build.0 = Release|Any CPU
		{3E1B2578-7F5C-4935-BB72-61960F4CCE9F}.Debug|Any CPU.ActiveCfg = Debug|Any CPU
		{3E1B2578-7F5C-4935-BB72-61960F4CCE9F}.Debug|Any CPU.Build.0 = Debug|Any CPU
		{3E1B2578-7F5C-4935-BB72-61960F4CCE9F}.Release|Any CPU.ActiveCfg = Release|Any CPU
		{3E1B2578-7F5C-4935-BB72-61960F4CCE9F}.Release|Any CPU.Build.0 = Release|Any CPU
		{7E1D2E70-1520-463E-BD21-9AD56BD20690}.Debug|Any CPU.ActiveCfg = Debug|Any CPU
		{7E1D2E70-1520-463E-BD21-9AD56BD20690}.Debug|Any CPU.Build.0 = Debug|Any CPU
		{7E1D2E70-1520-463E-BD21-9AD56BD20690}.Release|Any CPU.ActiveCfg = Release|Any CPU
		{7E1D2E70-1520-463E-BD21-9AD56BD20690}.Release|Any CPU.Build.0 = Release|Any CPU
	EndGlobalSection
	GlobalSection(SolutionProperties) = preSolution
		HideSolutionNode = FALSE
	EndGlobalSection
	GlobalSection(ExtensibilityGlobals) = postSolution
		SolutionGuid = {5B92A1DD-8A1D-448D-8955-BAA1798B2525}
	EndGlobalSection
EndGlobal
